// !$*UTF8*$!
{
	archiveVersion = 1;
	classes = {
	};
	objectVersion = 55;
	objects = {

/* Begin PBXBuildFile section */
		061FFD3328CAB4D9003F9FDA /* ChefeeApp.swift in Sources */ = {isa = PBXBuildFile; fileRef = 061FFD3228CAB4D9003F9FDA /* ChefeeApp.swift */; };
		061FFD3528CAB4D9003F9FDA /* ReceitasFavoritasView.swift in Sources */ = {isa = PBXBuildFile; fileRef = 061FFD3428CAB4D9003F9FDA /* ReceitasFavoritasView.swift */; };
		061FFD3728CAB4DB003F9FDA /* Assets.xcassets in Resources */ = {isa = PBXBuildFile; fileRef = 061FFD3628CAB4DB003F9FDA /* Assets.xcassets */; };
		061FFD3A28CAB4DB003F9FDA /* Preview Assets.xcassets in Resources */ = {isa = PBXBuildFile; fileRef = 061FFD3928CAB4DB003F9FDA /* Preview Assets.xcassets */; };
		061FFD3C28CAB4DB003F9FDA /* Persistence.swift in Sources */ = {isa = PBXBuildFile; fileRef = 061FFD3B28CAB4DB003F9FDA /* Persistence.swift */; };
		061FFD3F28CAB4DB003F9FDA /* Chefee.xcdatamodeld in Sources */ = {isa = PBXBuildFile; fileRef = 061FFD3D28CAB4DB003F9FDA /* Chefee.xcdatamodeld */; };
		061FFD4728CABC89003F9FDA /* HomeView.swift in Sources */ = {isa = PBXBuildFile; fileRef = 061FFD4628CABC89003F9FDA /* HomeView.swift */; };
		061FFD4B28CABD56003F9FDA /* cardComidaView.swift in Sources */ = {isa = PBXBuildFile; fileRef = 061FFD4A28CABD56003F9FDA /* cardComidaView.swift */; };
		061FFD4D28CAC63D003F9FDA /* DetalhesDaReceitaView.swift in Sources */ = {isa = PBXBuildFile; fileRef = 061FFD4C28CAC63D003F9FDA /* DetalhesDaReceitaView.swift */; };
		061FFD6528CC0B18003F9FDA /* GeladeiraView.swift in Sources */ = {isa = PBXBuildFile; fileRef = 061FFD6428CC0B18003F9FDA /* GeladeiraView.swift */; };
		061FFD6B28CC0EE3003F9FDA /* cardIngredienteView.swift in Sources */ = {isa = PBXBuildFile; fileRef = 061FFD6A28CC0EE3003F9FDA /* cardIngredienteView.swift */; };
		06509DC4291F10A900F3B0EE /* Receita.swift in Sources */ = {isa = PBXBuildFile; fileRef = 06509DC3291F10A900F3B0EE /* Receita.swift */; };
		06509DC6291F10B800F3B0EE /* Ingrediente.swift in Sources */ = {isa = PBXBuildFile; fileRef = 06509DC5291F10B800F3B0EE /* Ingrediente.swift */; };
		06509DCA291F14BE00F3B0EE /* GeladeiraViewModel.swift in Sources */ = {isa = PBXBuildFile; fileRef = 06509DC9291F14BE00F3B0EE /* GeladeiraViewModel.swift */; };
		06509DCE291F14ED00F3B0EE /* HomeViewModel.swift in Sources */ = {isa = PBXBuildFile; fileRef = 06509DCD291F14ED00F3B0EE /* HomeViewModel.swift */; };
		06509DD0291F2AC700F3B0EE /* ListaDeReceitas.swift in Sources */ = {isa = PBXBuildFile; fileRef = 06509DCF291F2AC700F3B0EE /* ListaDeReceitas.swift */; };
		06509DD2291F3F0200F3B0EE /* DataBase.swift in Sources */ = {isa = PBXBuildFile; fileRef = 06509DD1291F3F0200F3B0EE /* DataBase.swift */; };
		06509DD4291F484100F3B0EE /* EnumComidasPaises.swift in Sources */ = {isa = PBXBuildFile; fileRef = 06509DD3291F484100F3B0EE /* EnumComidasPaises.swift */; };
/* End PBXBuildFile section */

/* Begin PBXFileReference section */
		061FFD2F28CAB4D9003F9FDA /* Chefee.app */ = {isa = PBXFileReference; explicitFileType = wrapper.application; includeInIndex = 0; path = Chefee.app; sourceTree = BUILT_PRODUCTS_DIR; };
		061FFD3228CAB4D9003F9FDA /* ChefeeApp.swift */ = {isa = PBXFileReference; lastKnownFileType = sourcecode.swift; path = ChefeeApp.swift; sourceTree = "<group>"; };
		061FFD3428CAB4D9003F9FDA /* ReceitasFavoritasView.swift */ = {isa = PBXFileReference; lastKnownFileType = sourcecode.swift; path = ReceitasFavoritasView.swift; sourceTree = "<group>"; };
		061FFD3628CAB4DB003F9FDA /* Assets.xcassets */ = {isa = PBXFileReference; lastKnownFileType = folder.assetcatalog; path = Assets.xcassets; sourceTree = "<group>"; };
		061FFD3928CAB4DB003F9FDA /* Preview Assets.xcassets */ = {isa = PBXFileReference; lastKnownFileType = folder.assetcatalog; path = "Preview Assets.xcassets"; sourceTree = "<group>"; };
		061FFD3B28CAB4DB003F9FDA /* Persistence.swift */ = {isa = PBXFileReference; lastKnownFileType = sourcecode.swift; path = Persistence.swift; sourceTree = "<group>"; };
		061FFD3E28CAB4DB003F9FDA /* Chefee.xcdatamodel */ = {isa = PBXFileReference; lastKnownFileType = wrapper.xcdatamodel; path = Chefee.xcdatamodel; sourceTree = "<group>"; };
		061FFD4628CABC89003F9FDA /* HomeView.swift */ = {isa = PBXFileReference; lastKnownFileType = sourcecode.swift; path = HomeView.swift; sourceTree = "<group>"; };
		061FFD4A28CABD56003F9FDA /* cardComidaView.swift */ = {isa = PBXFileReference; lastKnownFileType = sourcecode.swift; path = cardComidaView.swift; sourceTree = "<group>"; };
		061FFD4C28CAC63D003F9FDA /* DetalhesDaReceitaView.swift */ = {isa = PBXFileReference; lastKnownFileType = sourcecode.swift; path = DetalhesDaReceitaView.swift; sourceTree = "<group>"; };
		061FFD6428CC0B18003F9FDA /* GeladeiraView.swift */ = {isa = PBXFileReference; lastKnownFileType = sourcecode.swift; path = GeladeiraView.swift; sourceTree = "<group>"; };
		061FFD6A28CC0EE3003F9FDA /* cardIngredienteView.swift */ = {isa = PBXFileReference; lastKnownFileType = sourcecode.swift; path = cardIngredienteView.swift; sourceTree = "<group>"; };
		06509DC3291F10A900F3B0EE /* Receita.swift */ = {isa = PBXFileReference; lastKnownFileType = sourcecode.swift; path = Receita.swift; sourceTree = "<group>"; };
		06509DC5291F10B800F3B0EE /* Ingrediente.swift */ = {isa = PBXFileReference; lastKnownFileType = sourcecode.swift; path = Ingrediente.swift; sourceTree = "<group>"; };
		06509DC9291F14BE00F3B0EE /* GeladeiraViewModel.swift */ = {isa = PBXFileReference; lastKnownFileType = sourcecode.swift; path = GeladeiraViewModel.swift; sourceTree = "<group>"; };
		06509DCD291F14ED00F3B0EE /* HomeViewModel.swift */ = {isa = PBXFileReference; lastKnownFileType = sourcecode.swift; path = HomeViewModel.swift; sourceTree = "<group>"; };
		06509DCF291F2AC700F3B0EE /* ListaDeReceitas.swift */ = {isa = PBXFileReference; lastKnownFileType = sourcecode.swift; path = ListaDeReceitas.swift; sourceTree = "<group>"; };
		06509DD1291F3F0200F3B0EE /* DataBase.swift */ = {isa = PBXFileReference; lastKnownFileType = sourcecode.swift; path = DataBase.swift; sourceTree = "<group>"; };
		06509DD3291F484100F3B0EE /* EnumComidasPaises.swift */ = {isa = PBXFileReference; lastKnownFileType = sourcecode.swift; path = EnumComidasPaises.swift; sourceTree = "<group>"; };
/* End PBXFileReference section */

/* Begin PBXFrameworksBuildPhase section */
		061FFD2C28CAB4D9003F9FDA /* Frameworks */ = {
			isa = PBXFrameworksBuildPhase;
			buildActionMask = 2147483647;
			files = (
			);
			runOnlyForDeploymentPostprocessing = 0;
		};
/* End PBXFrameworksBuildPhase section */

/* Begin PBXGroup section */
		061FFD2628CAB4D9003F9FDA = {
			isa = PBXGroup;
			children = (
				061FFD3128CAB4D9003F9FDA /* Chefee */,
				061FFD3028CAB4D9003F9FDA /* Products */,
			);
			sourceTree = "<group>";
		};
		061FFD3028CAB4D9003F9FDA /* Products */ = {
			isa = PBXGroup;
			children = (
				061FFD2F28CAB4D9003F9FDA /* Chefee.app */,
			);
			name = Products;
			sourceTree = "<group>";
		};
		061FFD3128CAB4D9003F9FDA /* Chefee */ = {
			isa = PBXGroup;
			children = (
				061FFD3228CAB4D9003F9FDA /* ChefeeApp.swift */,
				06509DC8291F14A400F3B0EE /* ViewModel */,
				061FFD6728CC0B4A003F9FDA /* CoreData */,
				06509DC2291F0F9300F3B0EE /* Model */,
				061FFD6628CC0B33003F9FDA /* View */,
				061FFD3628CAB4DB003F9FDA /* Assets.xcassets */,
				061FFD3828CAB4DB003F9FDA /* Preview Content */,
			);
			path = Chefee;
			sourceTree = "<group>";
		};
		061FFD3828CAB4DB003F9FDA /* Preview Content */ = {
			isa = PBXGroup;
			children = (
				061FFD3928CAB4DB003F9FDA /* Preview Assets.xcassets */,
			);
			path = "Preview Content";
			sourceTree = "<group>";
		};
		061FFD4528CABC73003F9FDA /* Home */ = {
			isa = PBXGroup;
			children = (
				061FFD4628CABC89003F9FDA /* HomeView.swift */,
			);
			path = Home;
			sourceTree = "<group>";
		};
		061FFD4828CABCE5003F9FDA /* ReceitasFavoritas */ = {
			isa = PBXGroup;
			children = (
				061FFD3428CAB4D9003F9FDA /* ReceitasFavoritasView.swift */,
			);
			path = ReceitasFavoritas;
			sourceTree = "<group>";
		};
		061FFD4928CABD28003F9FDA /* cards */ = {
			isa = PBXGroup;
			children = (
				061FFD4A28CABD56003F9FDA /* cardComidaView.swift */,
			);
			path = cards;
			sourceTree = "<group>";
		};
		061FFD6628CC0B33003F9FDA /* View */ = {
			isa = PBXGroup;
			children = (
				061FFD4628CABC89003F9FDA /* HomeView.swift */,
				061FFD6A28CC0EE3003F9FDA /* cardIngredienteView.swift */,
				061FFD4C28CAC63D003F9FDA /* DetalhesDaReceitaView.swift */,
				061FFD6428CC0B18003F9FDA /* GeladeiraView.swift */,
				061FFD3428CAB4D9003F9FDA /* ReceitasFavoritasView.swift */,
				06509DCF291F2AC700F3B0EE /* ListaDeReceitas.swift */,
				061FFD4928CABD28003F9FDA /* cards */,
			);
			path = View;
			sourceTree = "<group>";
		};
		061FFD6728CC0B4A003F9FDA /* CoreData */ = {
			isa = PBXGroup;
			children = (
				06509DD1291F3F0200F3B0EE /* DataBase.swift */,
				061FFD3B28CAB4DB003F9FDA /* Persistence.swift */,
				061FFD3D28CAB4DB003F9FDA /* Chefee.xcdatamodeld */,
			);
			path = CoreData;
			sourceTree = "<group>";
		};
		06509DC2291F0F9300F3B0EE /* Model */ = {
			isa = PBXGroup;
			children = (
				06509DC3291F10A900F3B0EE /* Receita.swift */,
				06509DC5291F10B800F3B0EE /* Ingrediente.swift */,
				06509DD3291F484100F3B0EE /* EnumComidasPaises.swift */,
			);
			path = Model;
			sourceTree = "<group>";
		};
		06509DC8291F14A400F3B0EE /* ViewModel */ = {
			isa = PBXGroup;
			children = (
				06509DC9291F14BE00F3B0EE /* GeladeiraViewModel.swift */,
				06509DCD291F14ED00F3B0EE /* HomeViewModel.swift */,
			);
			path = Geladeira;
			sourceTree = "<group>";
		};
/* End PBXGroup section */

/* Begin PBXNativeTarget section */
		061FFD2E28CAB4D9003F9FDA /* Chefee */ = {
			isa = PBXNativeTarget;
			buildConfigurationList = 061FFD4228CAB4DB003F9FDA /* Build configuration list for PBXNativeTarget "Chefee" */;
			buildPhases = (
				061FFD2B28CAB4D9003F9FDA /* Sources */,
				061FFD2C28CAB4D9003F9FDA /* Frameworks */,
				061FFD2D28CAB4D9003F9FDA /* Resources */,
			);
			buildRules = (
			);
			dependencies = (
			);
			name = Chefee;
			productName = Chefee;
			productReference = 061FFD2F28CAB4D9003F9FDA /* Chefee.app */;
			productType = "com.apple.product-type.application";
		};
/* End PBXNativeTarget section */

/* Begin PBXProject section */
		061FFD2728CAB4D9003F9FDA /* Project object */ = {
			isa = PBXProject;
			attributes = {
				BuildIndependentTargetsInParallel = 1;
				LastSwiftUpdateCheck = 1340;
				LastUpgradeCheck = 1340;
				TargetAttributes = {
					061FFD2E28CAB4D9003F9FDA = {
						CreatedOnToolsVersion = 13.4.1;
					};
				};
			};
			buildConfigurationList = 061FFD2A28CAB4D9003F9FDA /* Build configuration list for PBXProject "Chefee" */;
			compatibilityVersion = "Xcode 13.0";
			developmentRegion = en;
			hasScannedForEncodings = 0;
			knownRegions = (
				en,
				Base,
			);
			mainGroup = 061FFD2628CAB4D9003F9FDA;
			productRefGroup = 061FFD3028CAB4D9003F9FDA /* Products */;
			projectDirPath = "";
			projectRoot = "";
			targets = (
				061FFD2E28CAB4D9003F9FDA /* Chefee */,
			);
		};
/* End PBXProject section */

/* Begin PBXResourcesBuildPhase section */
		061FFD2D28CAB4D9003F9FDA /* Resources */ = {
			isa = PBXResourcesBuildPhase;
			buildActionMask = 2147483647;
			files = (
				061FFD3A28CAB4DB003F9FDA /* Preview Assets.xcassets in Resources */,
				061FFD3728CAB4DB003F9FDA /* Assets.xcassets in Resources */,
			);
			runOnlyForDeploymentPostprocessing = 0;
		};
/* End PBXResourcesBuildPhase section */

/* Begin PBXSourcesBuildPhase section */
		061FFD2B28CAB4D9003F9FDA /* Sources */ = {
			isa = PBXSourcesBuildPhase;
			buildActionMask = 2147483647;
			files = (
				061FFD3C28CAB4DB003F9FDA /* Persistence.swift in Sources */,
				061FFD3528CAB4D9003F9FDA /* ReceitasFavoritasView.swift in Sources */,
				061FFD3328CAB4D9003F9FDA /* ChefeeApp.swift in Sources */,
				06509DC4291F10A900F3B0EE /* Receita.swift in Sources */,
				061FFD6528CC0B18003F9FDA /* GeladeiraView.swift in Sources */,
				061FFD6B28CC0EE3003F9FDA /* cardIngredienteView.swift in Sources */,
				061FFD4728CABC89003F9FDA /* HomeView.swift in Sources */,
				06509DC6291F10B800F3B0EE /* Ingrediente.swift in Sources */,
				061FFD3F28CAB4DB003F9FDA /* Chefee.xcdatamodeld in Sources */,
				06509DCE291F14ED00F3B0EE /* HomeViewModel.swift in Sources */,
				06509DD0291F2AC700F3B0EE /* ListaDeReceitas.swift in Sources */,
				06509DCA291F14BE00F3B0EE /* GeladeiraViewModel.swift in Sources */,
				06509DD4291F484100F3B0EE /* EnumComidasPaises.swift in Sources */,
				061FFD4D28CAC63D003F9FDA /* DetalhesDaReceitaView.swift in Sources */,
				061FFD4B28CABD56003F9FDA /* cardComidaView.swift in Sources */,
				06509DD2291F3F0200F3B0EE /* DataBase.swift in Sources */,
			);
			runOnlyForDeploymentPostprocessing = 0;
		};
/* End PBXSourcesBuildPhase section */

/* Begin XCBuildConfiguration section */
		061FFD4028CAB4DB003F9FDA /* Debug */ = {
			isa = XCBuildConfiguration;
			buildSettings = {
				ALWAYS_SEARCH_USER_PATHS = NO;
				CLANG_ANALYZER_NONNULL = YES;
				CLANG_ANALYZER_NUMBER_OBJECT_CONVERSION = YES_AGGRESSIVE;
				CLANG_CXX_LANGUAGE_STANDARD = "gnu++17";
				CLANG_ENABLE_MODULES = YES;
				CLANG_ENABLE_OBJC_ARC = YES;
				CLANG_ENABLE_OBJC_WEAK = YES;
				CLANG_WARN_BLOCK_CAPTURE_AUTORELEASING = YES;
				CLANG_WARN_BOOL_CONVERSION = YES;
				CLANG_WARN_COMMA = YES;
				CLANG_WARN_CONSTANT_CONVERSION = YES;
				CLANG_WARN_DEPRECATED_OBJC_IMPLEMENTATIONS = YES;
				CLANG_WARN_DIRECT_OBJC_ISA_USAGE = YES_ERROR;
				CLANG_WARN_DOCUMENTATION_COMMENTS = YES;
				CLANG_WARN_EMPTY_BODY = YES;
				CLANG_WARN_ENUM_CONVERSION = YES;
				CLANG_WARN_INFINITE_RECURSION = YES;
				CLANG_WARN_INT_CONVERSION = YES;
				CLANG_WARN_NON_LITERAL_NULL_CONVERSION = YES;
				CLANG_WARN_OBJC_IMPLICIT_RETAIN_SELF = YES;
				CLANG_WARN_OBJC_LITERAL_CONVERSION = YES;
				CLANG_WARN_OBJC_ROOT_CLASS = YES_ERROR;
				CLANG_WARN_QUOTED_INCLUDE_IN_FRAMEWORK_HEADER = YES;
				CLANG_WARN_RANGE_LOOP_ANALYSIS = YES;
				CLANG_WARN_STRICT_PROTOTYPES = YES;
				CLANG_WARN_SUSPICIOUS_MOVE = YES;
				CLANG_WARN_UNGUARDED_AVAILABILITY = YES_AGGRESSIVE;
				CLANG_WARN_UNREACHABLE_CODE = YES;
				CLANG_WARN__DUPLICATE_METHOD_MATCH = YES;
				COPY_PHASE_STRIP = NO;
				DEBUG_INFORMATION_FORMAT = dwarf;
				ENABLE_STRICT_OBJC_MSGSEND = YES;
				ENABLE_TESTABILITY = YES;
				GCC_C_LANGUAGE_STANDARD = gnu11;
				GCC_DYNAMIC_NO_PIC = NO;
				GCC_NO_COMMON_BLOCKS = YES;
				GCC_OPTIMIZATION_LEVEL = 0;
				GCC_PREPROCESSOR_DEFINITIONS = (
					"DEBUG=1",
					"$(inherited)",
				);
				GCC_WARN_64_TO_32_BIT_CONVERSION = YES;
				GCC_WARN_ABOUT_RETURN_TYPE = YES_ERROR;
				GCC_WARN_UNDECLARED_SELECTOR = YES;
				GCC_WARN_UNINITIALIZED_AUTOS = YES_AGGRESSIVE;
				GCC_WARN_UNUSED_FUNCTION = YES;
				GCC_WARN_UNUSED_VARIABLE = YES;
				IPHONEOS_DEPLOYMENT_TARGET = 15.5;
				MTL_ENABLE_DEBUG_INFO = INCLUDE_SOURCE;
				MTL_FAST_MATH = YES;
				ONLY_ACTIVE_ARCH = YES;
				SDKROOT = iphoneos;
				SWIFT_ACTIVE_COMPILATION_CONDITIONS = DEBUG;
				SWIFT_OPTIMIZATION_LEVEL = "-Onone";
			};
			name = Debug;
		};
		061FFD4128CAB4DB003F9FDA /* Release */ = {
			isa = XCBuildConfiguration;
			buildSettings = {
				ALWAYS_SEARCH_USER_PATHS = NO;
				CLANG_ANALYZER_NONNULL = YES;
				CLANG_ANALYZER_NUMBER_OBJECT_CONVERSION = YES_AGGRESSIVE;
				CLANG_CXX_LANGUAGE_STANDARD = "gnu++17";
				CLANG_ENABLE_MODULES = YES;
				CLANG_ENABLE_OBJC_ARC = YES;
				CLANG_ENABLE_OBJC_WEAK = YES;
				CLANG_WARN_BLOCK_CAPTURE_AUTORELEASING = YES;
				CLANG_WARN_BOOL_CONVERSION = YES;
				CLANG_WARN_COMMA = YES;
				CLANG_WARN_CONSTANT_CONVERSION = YES;
				CLANG_WARN_DEPRECATED_OBJC_IMPLEMENTATIONS = YES;
				CLANG_WARN_DIRECT_OBJC_ISA_USAGE = YES_ERROR;
				CLANG_WARN_DOCUMENTATION_COMMENTS = YES;
				CLANG_WARN_EMPTY_BODY = YES;
				CLANG_WARN_ENUM_CONVERSION = YES;
				CLANG_WARN_INFINITE_RECURSION = YES;
				CLANG_WARN_INT_CONVERSION = YES;
				CLANG_WARN_NON_LITERAL_NULL_CONVERSION = YES;
				CLANG_WARN_OBJC_IMPLICIT_RETAIN_SELF = YES;
				CLANG_WARN_OBJC_LITERAL_CONVERSION = YES;
				CLANG_WARN_OBJC_ROOT_CLASS = YES_ERROR;
				CLANG_WARN_QUOTED_INCLUDE_IN_FRAMEWORK_HEADER = YES;
				CLANG_WARN_RANGE_LOOP_ANALYSIS = YES;
				CLANG_WARN_STRICT_PROTOTYPES = YES;
				CLANG_WARN_SUSPICIOUS_MOVE = YES;
				CLANG_WARN_UNGUARDED_AVAILABILITY = YES_AGGRESSIVE;
				CLANG_WARN_UNREACHABLE_CODE = YES;
				CLANG_WARN__DUPLICATE_METHOD_MATCH = YES;
				COPY_PHASE_STRIP = NO;
				DEBUG_INFORMATION_FORMAT = "dwarf-with-dsym";
				ENABLE_NS_ASSERTIONS = NO;
				ENABLE_STRICT_OBJC_MSGSEND = YES;
				GCC_C_LANGUAGE_STANDARD = gnu11;
				GCC_NO_COMMON_BLOCKS = YES;
				GCC_WARN_64_TO_32_BIT_CONVERSION = YES;
				GCC_WARN_ABOUT_RETURN_TYPE = YES_ERROR;
				GCC_WARN_UNDECLARED_SELECTOR = YES;
				GCC_WARN_UNINITIALIZED_AUTOS = YES_AGGRESSIVE;
				GCC_WARN_UNUSED_FUNCTION = YES;
				GCC_WARN_UNUSED_VARIABLE = YES;
				IPHONEOS_DEPLOYMENT_TARGET = 15.5;
				MTL_ENABLE_DEBUG_INFO = NO;
				MTL_FAST_MATH = YES;
				SDKROOT = iphoneos;
				SWIFT_COMPILATION_MODE = wholemodule;
				SWIFT_OPTIMIZATION_LEVEL = "-O";
				VALIDATE_PRODUCT = YES;
			};
			name = Release;
		};
		061FFD4328CAB4DB003F9FDA /* Debug */ = {
			isa = XCBuildConfiguration;
			buildSettings = {
				ASSETCATALOG_COMPILER_APPICON_NAME = AppIcon;
				ASSETCATALOG_COMPILER_GLOBAL_ACCENT_COLOR_NAME = AccentColor;
				CODE_SIGN_STYLE = Automatic;
				CURRENT_PROJECT_VERSION = 1;
				DEVELOPMENT_ASSET_PATHS = "\"Chefee/Preview Content\"";
				DEVELOPMENT_TEAM = NHY67K6358;
				ENABLE_PREVIEWS = YES;
				GENERATE_INFOPLIST_FILE = YES;
				INFOPLIST_KEY_UIApplicationSceneManifest_Generation = YES;
				INFOPLIST_KEY_UIApplicationSupportsIndirectInputEvents = YES;
				INFOPLIST_KEY_UILaunchScreen_Generation = YES;
				INFOPLIST_KEY_UISupportedInterfaceOrientations_iPad = "UIInterfaceOrientationPortrait UIInterfaceOrientationPortraitUpsideDown UIInterfaceOrientationLandscapeLeft UIInterfaceOrientationLandscapeRight";
				INFOPLIST_KEY_UISupportedInterfaceOrientations_iPhone = "UIInterfaceOrientationPortrait UIInterfaceOrientationLandscapeLeft UIInterfaceOrientationLandscapeRight";
				LD_RUNPATH_SEARCH_PATHS = (
					"$(inherited)",
					"@executable_path/Frameworks",
				);
				MARKETING_VERSION = 1.0;
				PRODUCT_BUNDLE_IDENTIFIER = vitorCheung.Chefee;
				PRODUCT_NAME = "$(TARGET_NAME)";
				SWIFT_EMIT_LOC_STRINGS = YES;
				SWIFT_VERSION = 5.0;
				TARGETED_DEVICE_FAMILY = "1,2";
			};
			name = Debug;
		};
		061FFD4428CAB4DB003F9FDA /* Release */ = {
			isa = XCBuildConfiguration;
			buildSettings = {
				ASSETCATALOG_COMPILER_APPICON_NAME = AppIcon;
				ASSETCATALOG_COMPILER_GLOBAL_ACCENT_COLOR_NAME = AccentColor;
				CODE_SIGN_STYLE = Automatic;
				CURRENT_PROJECT_VERSION = 1;
				DEVELOPMENT_ASSET_PATHS = "\"Chefee/Preview Content\"";
				DEVELOPMENT_TEAM = NHY67K6358;
				ENABLE_PREVIEWS = YES;
				GENERATE_INFOPLIST_FILE = YES;
				INFOPLIST_KEY_UIApplicationSceneManifest_Generation = YES;
				INFOPLIST_KEY_UIApplicationSupportsIndirectInputEvents = YES;
				INFOPLIST_KEY_UILaunchScreen_Generation = YES;
				INFOPLIST_KEY_UISupportedInterfaceOrientations_iPad = "UIInterfaceOrientationPortrait UIInterfaceOrientationPortraitUpsideDown UIInterfaceOrientationLandscapeLeft UIInterfaceOrientationLandscapeRight";
				INFOPLIST_KEY_UISupportedInterfaceOrientations_iPhone = "UIInterfaceOrientationPortrait UIInterfaceOrientationLandscapeLeft UIInterfaceOrientationLandscapeRight";
				LD_RUNPATH_SEARCH_PATHS = (
					"$(inherited)",
					"@executable_path/Frameworks",
				);
				MARKETING_VERSION = 1.0;
				PRODUCT_BUNDLE_IDENTIFIER = vitorCheung.Chefee;
				PRODUCT_NAME = "$(TARGET_NAME)";
				SWIFT_EMIT_LOC_STRINGS = YES;
				SWIFT_VERSION = 5.0;
				TARGETED_DEVICE_FAMILY = "1,2";
			};
			name = Release;
		};
/* End XCBuildConfiguration section */

/* Begin XCConfigurationList section */
		061FFD2A28CAB4D9003F9FDA /* Build configuration list for PBXProject "Chefee" */ = {
			isa = XCConfigurationList;
			buildConfigurations = (
				061FFD4028CAB4DB003F9FDA /* Debug */,
				061FFD4128CAB4DB003F9FDA /* Release */,
			);
			defaultConfigurationIsVisible = 0;
			defaultConfigurationName = Release;
		};
		061FFD4228CAB4DB003F9FDA /* Build configuration list for PBXNativeTarget "Chefee" */ = {
			isa = XCConfigurationList;
			buildConfigurations = (
				061FFD4328CAB4DB003F9FDA /* Debug */,
				061FFD4428CAB4DB003F9FDA /* Release */,
			);
			defaultConfigurationIsVisible = 0;
			defaultConfigurationName = Release;
		};
/* End XCConfigurationList section */

/* Begin XCVersionGroup section */
		061FFD3D28CAB4DB003F9FDA /* Chefee.xcdatamodeld */ = {
			isa = XCVersionGroup;
			children = (
				061FFD3E28CAB4DB003F9FDA /* Chefee.xcdatamodel */,
			);
			currentVersion = 061FFD3E28CAB4DB003F9FDA /* Chefee.xcdatamodel */;
			path = Chefee.xcdatamodeld;
			sourceTree = "<group>";
			versionGroupType = wrapper.xcdatamodel;
		};
/* End XCVersionGroup section */
	};
	rootObject = 061FFD2728CAB4D9003F9FDA /* Project object */;
}
